
Microsoft Visual Studio Solution File, Format Version 12.00
# Visual Studio Version 17
VisualStudioVersion = 17.3.32825.248
MinimumVisualStudioVersion = 10.0.40219.1
Project("{9A19103F-16F7-4668-BE54-9A1E7A4F7556}") = "Task6", "Task6\Task6.csproj", "{1AF41EA4-F3FD-474B-B5EA-027CE94D6BA6}"
EndProject
Project("{FAE04EC0-301F-11D3-BF4B-00C04F79EFBC}") = "TestTask6", "TestTask5\TestTask6.csproj", "{6CC5AA8A-4785-4BD0-A586-CC2F40586156}"
EndProject
Global
	GlobalSection(SolutionConfigurationPlatforms) = preSolution
		Debug|Any CPU = Debug|Any CPU
		Release|Any CPU = Release|Any CPU
	EndGlobalSection
	GlobalSection(ProjectConfigurationPlatforms) = postSolution
		{1AF41EA4-F3FD-474B-B5EA-027CE94D6BA6}.Debug|Any CPU.ActiveCfg = Debug|Any CPU
		{1AF41EA4-F3FD-474B-B5EA-027CE94D6BA6}.Debug|Any CPU.Build.0 = Debug|Any CPU
		{1AF41EA4-F3FD-474B-B5EA-027CE94D6BA6}.Release|Any CPU.ActiveCfg = Release|Any CPU
		{1AF41EA4-F3FD-474B-B5EA-027CE94D6BA6}.Release|Any CPU.Build.0 = Release|Any CPU
		{6CC5AA8A-4785-4BD0-A586-CC2F40586156}.Debug|Any CPU.ActiveCfg = Debug|Any CPU
		{6CC5AA8A-4785-4BD0-A586-CC2F40586156}.Debug|Any CPU.Build.0 = Debug|Any CPU
		{6CC5AA8A-4785-4BD0-A586-CC2F40586156}.Release|Any CPU.ActiveCfg = Release|Any CPU
		{6CC5AA8A-4785-4BD0-A586-CC2F40586156}.Release|Any CPU.Build.0 = Release|Any CPU
	EndGlobalSection
	GlobalSection(SolutionProperties) = preSolution
		HideSolutionNode = FALSE
	EndGlobalSection
	GlobalSection(ExtensibilityGlobals) = postSolution
		SolutionGuid = {7E90CDFB-FBF3-4880-8393-124F91B7A2B0}
	EndGlobalSection
EndGlobal
