
Microsoft Visual Studio Solution File, Format Version 12.00
# Visual Studio Version 17
VisualStudioVersion = 17.3.32825.248
MinimumVisualStudioVersion = 10.0.40219.1
Project("{9A19103F-16F7-4668-BE54-9A1E7A4F7556}") = "Task1", "Task1\Task1.csproj", "{3BECEF20-6E6E-402F-94DB-7F87BA1BB877}"
EndProject
Project("{FAE04EC0-301F-11D3-BF4B-00C04F79EFBC}") = "TestTask1", "TestTask1\TestTask1.csproj", "{7E49605F-C2E2-4377-ADBE-124737EA13C0}"
EndProject
Global
	GlobalSection(SolutionConfigurationPlatforms) = preSolution
		Debug|Any CPU = Debug|Any CPU
		Release|Any CPU = Release|Any CPU
	EndGlobalSection
	GlobalSection(ProjectConfigurationPlatforms) = postSolution
		{3BECEF20-6E6E-402F-94DB-7F87BA1BB877}.Debug|Any CPU.ActiveCfg = Debug|Any CPU
		{3BECEF20-6E6E-402F-94DB-7F87BA1BB877}.Debug|Any CPU.Build.0 = Debug|Any CPU
		{3BECEF20-6E6E-402F-94DB-7F87BA1BB877}.Release|Any CPU.ActiveCfg = Release|Any CPU
		{3BECEF20-6E6E-402F-94DB-7F87BA1BB877}.Release|Any CPU.Build.0 = Release|Any CPU
		{7E49605F-C2E2-4377-ADBE-124737EA13C0}.Debug|Any CPU.ActiveCfg = Debug|Any CPU
		{7E49605F-C2E2-4377-ADBE-124737EA13C0}.Debug|Any CPU.Build.0 = Debug|Any CPU
		{7E49605F-C2E2-4377-ADBE-124737EA13C0}.Release|Any CPU.ActiveCfg = Release|Any CPU
		{7E49605F-C2E2-4377-ADBE-124737EA13C0}.Release|Any CPU.Build.0 = Release|Any CPU
	EndGlobalSection
	GlobalSection(SolutionProperties) = preSolution
		HideSolutionNode = FALSE
	EndGlobalSection
	GlobalSection(ExtensibilityGlobals) = postSolution
		SolutionGuid = {EAD9A13C-3492-4CD7-BE5E-AC7F24F53D17}
	EndGlobalSection
EndGlobal
