
Microsoft Visual Studio Solution File, Format Version 12.00
# Visual Studio Version 17
VisualStudioVersion = 17.3.32825.248
MinimumVisualStudioVersion = 10.0.40219.1
Project("{9A19103F-16F7-4668-BE54-9A1E7A4F7556}") = "Task5", "Task5\Task5.csproj", "{2951ABB6-C1C9-476A-A622-82E6984F5D19}"
EndProject
Project("{FAE04EC0-301F-11D3-BF4B-00C04F79EFBC}") = "TestTask5", "TestTask5\TestTask5.csproj", "{02CBDDE2-F60C-4A26-B34B-56CE0D285F5B}"
EndProject
Global
	GlobalSection(SolutionConfigurationPlatforms) = preSolution
		Debug|Any CPU = Debug|Any CPU
		Release|Any CPU = Release|Any CPU
	EndGlobalSection
	GlobalSection(ProjectConfigurationPlatforms) = postSolution
		{2951ABB6-C1C9-476A-A622-82E6984F5D19}.Debug|Any CPU.ActiveCfg = Debug|Any CPU
		{2951ABB6-C1C9-476A-A622-82E6984F5D19}.Debug|Any CPU.Build.0 = Debug|Any CPU
		{2951ABB6-C1C9-476A-A622-82E6984F5D19}.Release|Any CPU.ActiveCfg = Release|Any CPU
		{2951ABB6-C1C9-476A-A622-82E6984F5D19}.Release|Any CPU.Build.0 = Release|Any CPU
		{02CBDDE2-F60C-4A26-B34B-56CE0D285F5B}.Debug|Any CPU.ActiveCfg = Debug|Any CPU
		{02CBDDE2-F60C-4A26-B34B-56CE0D285F5B}.Debug|Any CPU.Build.0 = Debug|Any CPU
		{02CBDDE2-F60C-4A26-B34B-56CE0D285F5B}.Release|Any CPU.ActiveCfg = Release|Any CPU
		{02CBDDE2-F60C-4A26-B34B-56CE0D285F5B}.Release|Any CPU.Build.0 = Release|Any CPU
	EndGlobalSection
	GlobalSection(SolutionProperties) = preSolution
		HideSolutionNode = FALSE
	EndGlobalSection
	GlobalSection(ExtensibilityGlobals) = postSolution
		SolutionGuid = {0B74139E-28EF-4240-9EC3-6C3EA8C8D6AC}
	EndGlobalSection
EndGlobal
